
Microsoft Visual Studio Solution File, Format Version 12.00
# Visual Studio Version 18
VisualStudioVersion = 18.2.11415.280
MinimumVisualStudioVersion = 10.0.40219.1
Project("{2150E333-8FDC-42A3-9474-1A3956D46DE8}") = "Core", "Core", "{FBF56CC3-7AE6-AD2D-3F14-7F97FD322CD6}"
EndProject
Project("{FAE04EC0-301F-11D3-BF4B-00C04F79EFBC}") = "AppHost", "Core\AppHost\AppHost.csproj", "{28B8589E-C5B9-4661-8FB0-B2F1BC4DF60F}"
EndProject
Project("{2150E333-8FDC-42A3-9474-1A3956D46DE8}") = "Auth", "Auth", "{183AEB3A-A086-1D8D-C95E-6378F77647C3}"
	ProjectSection(SolutionItems) = preProject
		Auth\docker-compose.yml = Auth\docker-compose.yml
	EndProjectSection
EndProject
Project("{FAE04EC0-301F-11D3-BF4B-00C04F79EFBC}") = "Api", "Auth\Api\Api.csproj", "{414033EA-5F45-4BF7-9787-C2686C86B654}"
EndProject
Project("{FAE04EC0-301F-11D3-BF4B-00C04F79EFBC}") = "Application", "Auth\Application\Application.csproj", "{62526347-53CB-42AC-B39D-3D93FB4C21F3}"
EndProject
Project("{FAE04EC0-301F-11D3-BF4B-00C04F79EFBC}") = "Domain", "Auth\Domain\Domain.csproj", "{EDA75DF0-2540-434C-8A09-74A6E354C562}"
EndProject
Project("{FAE04EC0-301F-11D3-BF4B-00C04F79EFBC}") = "Infrastructure", "Auth\Infrastructure\Infrastructure.csproj", "{0E8F2F15-0B6E-4FE6-A5C7-8B395487049F}"
EndProject
Project("{2150E333-8FDC-42A3-9474-1A3956D46DE8}") = "Employee", "Employee", "{07D97907-A4FB-2718-30A9-6954E84DBCDB}"
	ProjectSection(SolutionItems) = preProject
		Employee\docker-compose.yml = Employee\docker-compose.yml
	EndProjectSection
EndProject
Project("{FAE04EC0-301F-11D3-BF4B-00C04F79EFBC}") = "EmployeeApi", "Employee\Api\EmployeeApi.csproj", "{5B2D45A9-772D-4453-91EC-33426C4A523D}"
EndProject
Project("{FAE04EC0-301F-11D3-BF4B-00C04F79EFBC}") = "Application", "Employee\Application\Application.csproj", "{E1E73742-5EEF-4AA2-816F-DF1C263A6C41}"
EndProject
Project("{FAE04EC0-301F-11D3-BF4B-00C04F79EFBC}") = "Domain", "Employee\Domain\Domain.csproj", "{407994AE-26AC-4E72-A983-EE231286D146}"
EndProject
Project("{FAE04EC0-301F-11D3-BF4B-00C04F79EFBC}") = "Infrastructure", "Employee\Infrastructure\Infrastructure.csproj", "{2C40B3B8-45FA-4B0F-9A7D-227D3244A176}"
EndProject
Project("{2150E333-8FDC-42A3-9474-1A3956D46DE8}") = "Request", "Request", "{20BEAD86-B16B-4716-5059-3DDE3BDEC1D0}"
	ProjectSection(SolutionItems) = preProject
		Request\docker-compose.yml = Request\docker-compose.yml
	EndProjectSection
EndProject
Project("{FAE04EC0-301F-11D3-BF4B-00C04F79EFBC}") = "RequestApi", "Request\Api\RequestApi.csproj", "{02616870-BADB-4A57-822A-6A1D1F25C3F3}"
EndProject
Project("{FAE04EC0-301F-11D3-BF4B-00C04F79EFBC}") = "Application", "Request\Application\Application.csproj", "{E6F3211D-DEBB-4E51-8A76-B65626E3553E}"
EndProject
Project("{FAE04EC0-301F-11D3-BF4B-00C04F79EFBC}") = "Domain", "Request\Domain\Domain.csproj", "{E18446EB-5C3D-4DF6-A6C7-3E91D1673316}"
EndProject
Project("{FAE04EC0-301F-11D3-BF4B-00C04F79EFBC}") = "Infrastructure", "Request\Infrastructure\Infrastructure.csproj", "{789AEDD7-9135-4A3D-9218-9E54DABE9855}"
EndProject
Project("{2150E333-8FDC-42A3-9474-1A3956D46DE8}") = "Shared", "Shared", "{4F52FD11-658E-A102-6CD3-7D7C16FFA15B}"
EndProject
Project("{FAE04EC0-301F-11D3-BF4B-00C04F79EFBC}") = "Abstractions", "Shared\Abstractions\Abstractions.csproj", "{B52C61CC-5648-43CB-9E7C-D2DD923DE8EA}"
EndProject
Project("{FAE04EC0-301F-11D3-BF4B-00C04F79EFBC}") = "Infrastructures", "Shared\Infrastructures\Infrastructures.csproj", "{8EFD22B9-1080-43B3-922F-3EE46DD4FF77}"
EndProject
Project("{2150E333-8FDC-42A3-9474-1A3956D46DE8}") = "Solution Items", "Solution Items", "{CE921C33-F405-41BD-A3DD-F805522FE10D}"
	ProjectSection(SolutionItems) = preProject
		azure-pipelines-docker.yml = azure-pipelines-docker.yml
	EndProjectSection
EndProject
Global
	GlobalSection(SolutionConfigurationPlatforms) = preSolution
		Debug|Any CPU = Debug|Any CPU
		Debug|x64 = Debug|x64
		Debug|x86 = Debug|x86
		Release|Any CPU = Release|Any CPU
		Release|x64 = Release|x64
		Release|x86 = Release|x86
	EndGlobalSection
	GlobalSection(ProjectConfigurationPlatforms) = postSolution
		{28B8589E-C5B9-4661-8FB0-B2F1BC4DF60F}.Debug|Any CPU.ActiveCfg = Debug|Any CPU
		{28B8589E-C5B9-4661-8FB0-B2F1BC4DF60F}.Debug|Any CPU.Build.0 = Debug|Any CPU
		{28B8589E-C5B9-4661-8FB0-B2F1BC4DF60F}.Debug|x64.ActiveCfg = Debug|Any CPU
		{28B8589E-C5B9-4661-8FB0-B2F1BC4DF60F}.Debug|x64.Build.0 = Debug|Any CPU
		{28B8589E-C5B9-4661-8FB0-B2F1BC4DF60F}.Debug|x86.ActiveCfg = Debug|Any CPU
		{28B8589E-C5B9-4661-8FB0-B2F1BC4DF60F}.Debug|x86.Build.0 = Debug|Any CPU
		{28B8589E-C5B9-4661-8FB0-B2F1BC4DF60F}.Release|Any CPU.ActiveCfg = Release|Any CPU
		{28B8589E-C5B9-4661-8FB0-B2F1BC4DF60F}.Release|Any CPU.Build.0 = Release|Any CPU
		{28B8589E-C5B9-4661-8FB0-B2F1BC4DF60F}.Release|x64.ActiveCfg = Release|Any CPU
		{28B8589E-C5B9-4661-8FB0-B2F1BC4DF60F}.Release|x64.Build.0 = Release|Any CPU
		{28B8589E-C5B9-4661-8FB0-B2F1BC4DF60F}.Release|x86.ActiveCfg = Release|Any CPU
		{28B8589E-C5B9-4661-8FB0-B2F1BC4DF60F}.Release|x86.Build.0 = Release|Any CPU
		{414033EA-5F45-4BF7-9787-C2686C86B654}.Debug|Any CPU.ActiveCfg = Debug|Any CPU
		{414033EA-5F45-4BF7-9787-C2686C86B654}.Debug|Any CPU.Build.0 = Debug|Any CPU
		{414033EA-5F45-4BF7-9787-C2686C86B654}.Debug|x64.ActiveCfg = Debug|Any CPU
		{414033EA-5F45-4BF7-9787-C2686C86B654}.Debug|x64.Build.0 = Debug|Any CPU
		{414033EA-5F45-4BF7-9787-C2686C86B654}.Debug|x86.ActiveCfg = Debug|Any CPU
		{414033EA-5F45-4BF7-9787-C2686C86B654}.Debug|x86.Build.0 = Debug|Any CPU
		{414033EA-5F45-4BF7-9787-C2686C86B654}.Release|Any CPU.ActiveCfg = Release|Any CPU
		{414033EA-5F45-4BF7-9787-C2686C86B654}.Release|Any CPU.Build.0 = Release|Any CPU
		{414033EA-5F45-4BF7-9787-C2686C86B654}.Release|x64.ActiveCfg = Release|Any CPU
		{414033EA-5F45-4BF7-9787-C2686C86B654}.Release|x64.Build.0 = Release|Any CPU
		{414033EA-5F45-4BF7-9787-C2686C86B654}.Release|x86.ActiveCfg = Release|Any CPU
		{414033EA-5F45-4BF7-9787-C2686C86B654}.Release|x86.Build.0 = Release|Any CPU
		{62526347-53CB-42AC-B39D-3D93FB4C21F3}.Debug|Any CPU.ActiveCfg = Debug|Any CPU
		{62526347-53CB-42AC-B39D-3D93FB4C21F3}.Debug|Any CPU.Build.0 = Debug|Any CPU
		{62526347-53CB-42AC-B39D-3D93FB4C21F3}.Debug|x64.ActiveCfg = Debug|Any CPU
		{62526347-53CB-42AC-B39D-3D93FB4C21F3}.Debug|x64.Build.0 = Debug|Any CPU
		{62526347-53CB-42AC-B39D-3D93FB4C21F3}.Debug|x86.ActiveCfg = Debug|Any CPU
		{62526347-53CB-42AC-B39D-3D93FB4C21F3}.Debug|x86.Build.0 = Debug|Any CPU
		{62526347-53CB-42AC-B39D-3D93FB4C21F3}.Release|Any CPU.ActiveCfg = Release|Any CPU
		{62526347-53CB-42AC-B39D-3D93FB4C21F3}.Release|Any CPU.Build.0 = Release|Any CPU
		{62526347-53CB-42AC-B39D-3D93FB4C21F3}.Release|x64.ActiveCfg = Release|Any CPU
		{62526347-53CB-42AC-B39D-3D93FB4C21F3}.Release|x64.Build.0 = Release|Any CPU
		{62526347-53CB-42AC-B39D-3D93FB4C21F3}.Release|x86.ActiveCfg = Release|Any CPU
		{62526347-53CB-42AC-B39D-3D93FB4C21F3}.Release|x86.Build.0 = Release|Any CPU
		{EDA75DF0-2540-434C-8A09-74A6E354C562}.Debug|Any CPU.ActiveCfg = Debug|Any CPU
		{EDA75DF0-2540-434C-8A09-74A6E354C562}.Debug|Any CPU.Build.0 = Debug|Any CPU
		{EDA75DF0-2540-434C-8A09-74A6E354C562}.Debug|x64.ActiveCfg = Debug|Any CPU
		{EDA75DF0-2540-434C-8A09-74A6E354C562}.Debug|x64.Build.0 = Debug|Any CPU
		{EDA75DF0-2540-434C-8A09-74A6E354C562}.Debug|x86.ActiveCfg = Debug|Any CPU
		{EDA75DF0-2540-434C-8A09-74A6E354C562}.Debug|x86.Build.0 = Debug|Any CPU
		{EDA75DF0-2540-434C-8A09-74A6E354C562}.Release|Any CPU.ActiveCfg = Release|Any CPU
		{EDA75DF0-2540-434C-8A09-74A6E354C562}.Release|Any CPU.Build.0 = Release|Any CPU
		{EDA75DF0-2540-434C-8A09-74A6E354C562}.Release|x64.ActiveCfg = Release|Any CPU
		{EDA75DF0-2540-434C-8A09-74A6E354C562}.Release|x64.Build.0 = Release|Any CPU
		{EDA75DF0-2540-434C-8A09-74A6E354C562}.Release|x86.ActiveCfg = Release|Any CPU
		{EDA75DF0-2540-434C-8A09-74A6E354C562}.Release|x86.Build.0 = Release|Any CPU
		{0E8F2F15-0B6E-4FE6-A5C7-8B395487049F}.Debug|Any CPU.ActiveCfg = Debug|Any CPU
		{0E8F2F15-0B6E-4FE6-A5C7-8B395487049F}.Debug|Any CPU.Build.0 = Debug|Any CPU
		{0E8F2F15-0B6E-4FE6-A5C7-8B395487049F}.Debug|x64.ActiveCfg = Debug|Any CPU
		{0E8F2F15-0B6E-4FE6-A5C7-8B395487049F}.Debug|x64.Build.0 = Debug|Any CPU
		{0E8F2F15-0B6E-4FE6-A5C7-8B395487049F}.Debug|x86.ActiveCfg = Debug|Any CPU
		{0E8F2F15-0B6E-4FE6-A5C7-8B395487049F}.Debug|x86.Build.0 = Debug|Any CPU
		{0E8F2F15-0B6E-4FE6-A5C7-8B395487049F}.Release|Any CPU.ActiveCfg = Release|Any CPU
		{0E8F2F15-0B6E-4FE6-A5C7-8B395487049F}.Release|Any CPU.Build.0 = Release|Any CPU
		{0E8F2F15-0B6E-4FE6-A5C7-8B395487049F}.Release|x64.ActiveCfg = Release|Any CPU
		{0E8F2F15-0B6E-4FE6-A5C7-8B395487049F}.Release|x64.Build.0 = Release|Any CPU
		{0E8F2F15-0B6E-4FE6-A5C7-8B395487049F}.Release|x86.ActiveCfg = Release|Any CPU
		{0E8F2F15-0B6E-4FE6-A5C7-8B395487049F}.Release|x86.Build.0 = Release|Any CPU
		{5B2D45A9-772D-4453-91EC-33426C4A523D}.Debug|Any CPU.ActiveCfg = Debug|Any CPU
		{5B2D45A9-772D-4453-91EC-33426C4A523D}.Debug|Any CPU.Build.0 = Debug|Any CPU
		{5B2D45A9-772D-4453-91EC-33426C4A523D}.Debug|x64.ActiveCfg = Debug|Any CPU
		{5B2D45A9-772D-4453-91EC-33426C4A523D}.Debug|x64.Build.0 = Debug|Any CPU
		{5B2D45A9-772D-4453-91EC-33426C4A523D}.Debug|x86.ActiveCfg = Debug|Any CPU
		{5B2D45A9-772D-4453-91EC-33426C4A523D}.Debug|x86.Build.0 = Debug|Any CPU
		{5B2D45A9-772D-4453-91EC-33426C4A523D}.Release|Any CPU.ActiveCfg = Release|Any CPU
		{5B2D45A9-772D-4453-91EC-33426C4A523D}.Release|Any CPU.Build.0 = Release|Any CPU
		{5B2D45A9-772D-4453-91EC-33426C4A523D}.Release|x64.ActiveCfg = Release|Any CPU
		{5B2D45A9-772D-4453-91EC-33426C4A523D}.Release|x64.Build.0 = Release|Any CPU
		{5B2D45A9-772D-4453-91EC-33426C4A523D}.Release|x86.ActiveCfg = Release|Any CPU
		{5B2D45A9-772D-4453-91EC-33426C4A523D}.Release|x86.Build.0 = Release|Any CPU
		{E1E73742-5EEF-4AA2-816F-DF1C263A6C41}.Debug|Any CPU.ActiveCfg = Debug|Any CPU
		{E1E73742-5EEF-4AA2-816F-DF1C263A6C41}.Debug|Any CPU.Build.0 = Debug|Any CPU
		{E1E73742-5EEF-4AA2-816F-DF1C263A6C41}.Debug|x64.ActiveCfg = Debug|Any CPU
		{E1E73742-5EEF-4AA2-816F-DF1C263A6C41}.Debug|x64.Build.0 = Debug|Any CPU
		{E1E73742-5EEF-4AA2-816F-DF1C263A6C41}.Debug|x86.ActiveCfg = Debug|Any CPU
		{E1E73742-5EEF-4AA2-816F-DF1C263A6C41}.Debug|x86.Build.0 = Debug|Any CPU
		{E1E73742-5EEF-4AA2-816F-DF1C263A6C41}.Release|Any CPU.ActiveCfg = Release|Any CPU
		{E1E73742-5EEF-4AA2-816F-DF1C263A6C41}.Release|Any CPU.Build.0 = Release|Any CPU
		{E1E73742-5EEF-4AA2-816F-DF1C263A6C41}.Release|x64.ActiveCfg = Release|Any CPU
		{E1E73742-5EEF-4AA2-816F-DF1C263A6C41}.Release|x64.Build.0 = Release|Any CPU
		{E1E73742-5EEF-4AA2-816F-DF1C263A6C41}.Release|x86.ActiveCfg = Release|Any CPU
		{E1E73742-5EEF-4AA2-816F-DF1C263A6C41}.Release|x86.Build.0 = Release|Any CPU
		{407994AE-26AC-4E72-A983-EE231286D146}.Debug|Any CPU.ActiveCfg = Debug|Any CPU
		{407994AE-26AC-4E72-A983-EE231286D146}.Debug|Any CPU.Build.0 = Debug|Any CPU
		{407994AE-26AC-4E72-A983-EE231286D146}.Debug|x64.ActiveCfg = Debug|Any CPU
		{407994AE-26AC-4E72-A983-EE231286D146}.Debug|x64.Build.0 = Debug|Any CPU
		{407994AE-26AC-4E72-A983-EE231286D146}.Debug|x86.ActiveCfg = Debug|Any CPU
		{407994AE-26AC-4E72-A983-EE231286D146}.Debug|x86.Build.0 = Debug|Any CPU
		{407994AE-26AC-4E72-A983-EE231286D146}.Release|Any CPU.ActiveCfg = Release|Any CPU
		{407994AE-26AC-4E72-A983-EE231286D146}.Release|Any CPU.Build.0 = Release|Any CPU
		{407994AE-26AC-4E72-A983-EE231286D146}.Release|x64.ActiveCfg = Release|Any CPU
		{407994AE-26AC-4E72-A983-EE231286D146}.Release|x64.Build.0 = Release|Any CPU
		{407994AE-26AC-4E72-A983-EE231286D146}.Release|x86.ActiveCfg = Release|Any CPU
		{407994AE-26AC-4E72-A983-EE231286D146}.Release|x86.Build.0 = Release|Any CPU
		{2C40B3B8-45FA-4B0F-9A7D-227D3244A176}.Debug|Any CPU.ActiveCfg = Debug|Any CPU
		{2C40B3B8-45FA-4B0F-9A7D-227D3244A176}.Debug|Any CPU.Build.0 = Debug|Any CPU
		{2C40B3B8-45FA-4B0F-9A7D-227D3244A176}.Debug|x64.ActiveCfg = Debug|Any CPU
		{2C40B3B8-45FA-4B0F-9A7D-227D3244A176}.Debug|x64.Build.0 = Debug|Any CPU
		{2C40B3B8-45FA-4B0F-9A7D-227D3244A176}.Debug|x86.ActiveCfg = Debug|Any CPU
		{2C40B3B8-45FA-4B0F-9A7D-227D3244A176}.Debug|x86.Build.0 = Debug|Any CPU
		{2C40B3B8-45FA-4B0F-9A7D-227D3244A176}.Release|Any CPU.ActiveCfg = Release|Any CPU
		{2C40B3B8-45FA-4B0F-9A7D-227D3244A176}.Release|Any CPU.Build.0 = Release|Any CPU
		{2C40B3B8-45FA-4B0F-9A7D-227D3244A176}.Release|x64.ActiveCfg = Release|Any CPU
		{2C40B3B8-45FA-4B0F-9A7D-227D3244A176}.Release|x64.Build.0 = Release|Any CPU
		{2C40B3B8-45FA-4B0F-9A7D-227D3244A176}.Release|x86.ActiveCfg = Release|Any CPU
		{2C40B3B8-45FA-4B0F-9A7D-227D3244A176}.Release|x86.Build.0 = Release|Any CPU
		{02616870-BADB-4A57-822A-6A1D1F25C3F3}.Debug|Any CPU.ActiveCfg = Debug|Any CPU
		{02616870-BADB-4A57-822A-6A1D1F25C3F3}.Debug|Any CPU.Build.0 = Debug|Any CPU
		{02616870-BADB-4A57-822A-6A1D1F25C3F3}.Debug|x64.ActiveCfg = Debug|Any CPU
		{02616870-BADB-4A57-822A-6A1D1F25C3F3}.Debug|x64.Build.0 = Debug|Any CPU
		{02616870-BADB-4A57-822A-6A1D1F25C3F3}.Debug|x86.ActiveCfg = Debug|Any CPU
		{02616870-BADB-4A57-822A-6A1D1F25C3F3}.Debug|x86.Build.0 = Debug|Any CPU
		{02616870-BADB-4A57-822A-6A1D1F25C3F3}.Release|Any CPU.ActiveCfg = Release|Any CPU
		{02616870-BADB-4A57-822A-6A1D1F25C3F3}.Release|Any CPU.Build.0 = Release|Any CPU
		{02616870-BADB-4A57-822A-6A1D1F25C3F3}.Release|x64.ActiveCfg = Release|Any CPU
		{02616870-BADB-4A57-822A-6A1D1F25C3F3}.Release|x64.Build.0 = Release|Any CPU
		{02616870-BADB-4A57-822A-6A1D1F25C3F3}.Release|x86.ActiveCfg = Release|Any CPU
		{02616870-BADB-4A57-822A-6A1D1F25C3F3}.Release|x86.Build.0 = Release|Any CPU
		{E6F3211D-DEBB-4E51-8A76-B65626E3553E}.Debug|Any CPU.ActiveCfg = Debug|Any CPU
		{E6F3211D-DEBB-4E51-8A76-B65626E3553E}.Debug|Any CPU.Build.0 = Debug|Any CPU
		{E6F3211D-DEBB-4E51-8A76-B65626E3553E}.Debug|x64.ActiveCfg = Debug|Any CPU
		{E6F3211D-DEBB-4E51-8A76-B65626E3553E}.Debug|x64.Build.0 = Debug|Any CPU
		{E6F3211D-DEBB-4E51-8A76-B65626E3553E}.Debug|x86.ActiveCfg = Debug|Any CPU
		{E6F3211D-DEBB-4E51-8A76-B65626E3553E}.Debug|x86.Build.0 = Debug|Any CPU
		{E6F3211D-DEBB-4E51-8A76-B65626E3553E}.Release|Any CPU.ActiveCfg = Release|Any CPU
		{E6F3211D-DEBB-4E51-8A76-B65626E3553E}.Release|Any CPU.Build.0 = Release|Any CPU
		{E6F3211D-DEBB-4E51-8A76-B65626E3553E}.Release|x64.ActiveCfg = Release|Any CPU
		{E6F3211D-DEBB-4E51-8A76-B65626E3553E}.Release|x64.Build.0 = Release|Any CPU
		{E6F3211D-DEBB-4E51-8A76-B65626E3553E}.Release|x86.ActiveCfg = Release|Any CPU
		{E6F3211D-DEBB-4E51-8A76-B65626E3553E}.Release|x86.Build.0 = Release|Any CPU
		{E18446EB-5C3D-4DF6-A6C7-3E91D1673316}.Debug|Any CPU.ActiveCfg = Debug|Any CPU
		{E18446EB-5C3D-4DF6-A6C7-3E91D1673316}.Debug|Any CPU.Build.0 = Debug|Any CPU
		{E18446EB-5C3D-4DF6-A6C7-3E91D1673316}.Debug|x64.ActiveCfg = Debug|Any CPU
		{E18446EB-5C3D-4DF6-A6C7-3E91D1673316}.Debug|x64.Build.0 = Debug|Any CPU
		{E18446EB-5C3D-4DF6-A6C7-3E91D1673316}.Debug|x86.ActiveCfg = Debug|Any CPU
		{E18446EB-5C3D-4DF6-A6C7-3E91D1673316}.Debug|x86.Build.0 = Debug|Any CPU
		{E18446EB-5C3D-4DF6-A6C7-3E91D1673316}.Release|Any CPU.ActiveCfg = Release|Any CPU
		{E18446EB-5C3D-4DF6-A6C7-3E91D1673316}.Release|Any CPU.Build.0 = Release|Any CPU
		{E18446EB-5C3D-4DF6-A6C7-3E91D1673316}.Release|x64.ActiveCfg = Release|Any CPU
		{E18446EB-5C3D-4DF6-A6C7-3E91D1673316}.Release|x64.Build.0 = Release|Any CPU
		{E18446EB-5C3D-4DF6-A6C7-3E91D1673316}.Release|x86.ActiveCfg = Release|Any CPU
		{E18446EB-5C3D-4DF6-A6C7-3E91D1673316}.Release|x86.Build.0 = Release|Any CPU
		{789AEDD7-9135-4A3D-9218-9E54DABE9855}.Debug|Any CPU.ActiveCfg = Debug|Any CPU
		{789AEDD7-9135-4A3D-9218-9E54DABE9855}.Debug|Any CPU.Build.0 = Debug|Any CPU
		{789AEDD7-9135-4A3D-9218-9E54DABE9855}.Debug|x64.ActiveCfg = Debug|Any CPU
		{789AEDD7-9135-4A3D-9218-9E54DABE9855}.Debug|x64.Build.0 = Debug|Any CPU
		{789AEDD7-9135-4A3D-9218-9E54DABE9855}.Debug|x86.ActiveCfg = Debug|Any CPU
		{789AEDD7-9135-4A3D-9218-9E54DABE9855}.Debug|x86.Build.0 = Debug|Any CPU
		{789AEDD7-9135-4A3D-9218-9E54DABE9855}.Release|Any CPU.ActiveCfg = Release|Any CPU
		{789AEDD7-9135-4A3D-9218-9E54DABE9855}.Release|Any CPU.Build.0 = Release|Any CPU
		{789AEDD7-9135-4A3D-9218-9E54DABE9855}.Release|x64.ActiveCfg = Release|Any CPU
		{789AEDD7-9135-4A3D-9218-9E54DABE9855}.Release|x64.Build.0 = Release|Any CPU
		{789AEDD7-9135-4A3D-9218-9E54DABE9855}.Release|x86.ActiveCfg = Release|Any CPU
		{789AEDD7-9135-4A3D-9218-9E54DABE9855}.Release|x86.Build.0 = Release|Any CPU
		{B52C61CC-5648-43CB-9E7C-D2DD923DE8EA}.Debug|Any CPU.ActiveCfg = Debug|Any CPU
		{B52C61CC-5648-43CB-9E7C-D2DD923DE8EA}.Debug|Any CPU.Build.0 = Debug|Any CPU
		{B52C61CC-5648-43CB-9E7C-D2DD923DE8EA}.Debug|x64.ActiveCfg = Debug|Any CPU
		{B52C61CC-5648-43CB-9E7C-D2DD923DE8EA}.Debug|x64.Build.0 = Debug|Any CPU
		{B52C61CC-5648-43CB-9E7C-D2DD923DE8EA}.Debug|x86.ActiveCfg = Debug|Any CPU
		{B52C61CC-5648-43CB-9E7C-D2DD923DE8EA}.Debug|x86.Build.0 = Debug|Any CPU
		{B52C61CC-5648-43CB-9E7C-D2DD923DE8EA}.Release|Any CPU.ActiveCfg = Release|Any CPU
		{B52C61CC-5648-43CB-9E7C-D2DD923DE8EA}.Release|Any CPU.Build.0 = Release|Any CPU
		{B52C61CC-5648-43CB-9E7C-D2DD923DE8EA}.Release|x64.ActiveCfg = Release|Any CPU
		{B52C61CC-5648-43CB-9E7C-D2DD923DE8EA}.Release|x64.Build.0 = Release|Any CPU
		{B52C61CC-5648-43CB-9E7C-D2DD923DE8EA}.Release|x86.ActiveCfg = Release|Any CPU
		{B52C61CC-5648-43CB-9E7C-D2DD923DE8EA}.Release|x86.Build.0 = Release|Any CPU
		{8EFD22B9-1080-43B3-922F-3EE46DD4FF77}.Debug|Any CPU.ActiveCfg = Debug|Any CPU
		{8EFD22B9-1080-43B3-922F-3EE46DD4FF77}.Debug|Any CPU.Build.0 = Debug|Any CPU
		{8EFD22B9-1080-43B3-922F-3EE46DD4FF77}.Debug|x64.ActiveCfg = Debug|Any CPU
		{8EFD22B9-1080-43B3-922F-3EE46DD4FF77}.Debug|x64.Build.0 = Debug|Any CPU
		{8EFD22B9-1080-43B3-922F-3EE46DD4FF77}.Debug|x86.ActiveCfg = Debug|Any CPU
		{8EFD22B9-1080-43B3-922F-3EE46DD4FF77}.Debug|x86.Build.0 = Debug|Any CPU
		{8EFD22B9-1080-43B3-922F-3EE46DD4FF77}.Release|Any CPU.ActiveCfg = Release|Any CPU
		{8EFD22B9-1080-43B3-922F-3EE46DD4FF77}.Release|Any CPU.Build.0 = Release|Any CPU
		{8EFD22B9-1080-43B3-922F-3EE46DD4FF77}.Release|x64.ActiveCfg = Release|Any CPU
		{8EFD22B9-1080-43B3-922F-3EE46DD4FF77}.Release|x64.Build.0 = Release|Any CPU
		{8EFD22B9-1080-43B3-922F-3EE46DD4FF77}.Release|x86.ActiveCfg = Release|Any CPU
		{8EFD22B9-1080-43B3-922F-3EE46DD4FF77}.Release|x86.Build.0 = Release|Any CPU
	EndGlobalSection
	GlobalSection(SolutionProperties) = preSolution
		HideSolutionNode = FALSE
	EndGlobalSection
	GlobalSection(NestedProjects) = preSolution
		{28B8589E-C5B9-4661-8FB0-B2F1BC4DF60F} = {FBF56CC3-7AE6-AD2D-3F14-7F97FD322CD6}
		{414033EA-5F45-4BF7-9787-C2686C86B654} = {183AEB3A-A086-1D8D-C95E-6378F77647C3}
		{62526347-53CB-42AC-B39D-3D93FB4C21F3} = {183AEB3A-A086-1D8D-C95E-6378F77647C3}
		{EDA75DF0-2540-434C-8A09-74A6E354C562} = {183AEB3A-A086-1D8D-C95E-6378F77647C3}
		{0E8F2F15-0B6E-4FE6-A5C7-8B395487049F} = {183AEB3A-A086-1D8D-C95E-6378F77647C3}
		{5B2D45A9-772D-4453-91EC-33426C4A523D} = {07D97907-A4FB-2718-30A9-6954E84DBCDB}
		{E1E73742-5EEF-4AA2-816F-DF1C263A6C41} = {07D97907-A4FB-2718-30A9-6954E84DBCDB}
		{407994AE-26AC-4E72-A983-EE231286D146} = {07D97907-A4FB-2718-30A9-6954E84DBCDB}
		{2C40B3B8-45FA-4B0F-9A7D-227D3244A176} = {07D97907-A4FB-2718-30A9-6954E84DBCDB}
		{02616870-BADB-4A57-822A-6A1D1F25C3F3} = {20BEAD86-B16B-4716-5059-3DDE3BDEC1D0}
		{E6F3211D-DEBB-4E51-8A76-B65626E3553E} = {20BEAD86-B16B-4716-5059-3DDE3BDEC1D0}
		{E18446EB-5C3D-4DF6-A6C7-3E91D1673316} = {20BEAD86-B16B-4716-5059-3DDE3BDEC1D0}
		{789AEDD7-9135-4A3D-9218-9E54DABE9855} = {20BEAD86-B16B-4716-5059-3DDE3BDEC1D0}
		{B52C61CC-5648-43CB-9E7C-D2DD923DE8EA} = {4F52FD11-658E-A102-6CD3-7D7C16FFA15B}
		{8EFD22B9-1080-43B3-922F-3EE46DD4FF77} = {4F52FD11-658E-A102-6CD3-7D7C16FFA15B}
	EndGlobalSection
	GlobalSection(ExtensibilityGlobals) = postSolution
		SolutionGuid = {0BA3B5FF-4544-448C-AF25-69A8EAFC86AF}
	EndGlobalSection
EndGlobal
