
Microsoft Visual Studio Solution File, Format Version 12.00
# Visual Studio Version 17
VisualStudioVersion = 17.0.31903.59
MinimumVisualStudioVersion = 10.0.40219.1
Project("{2150E333-8FDC-42A3-9474-1A3956D46DE8}") = "Auth", "Auth", "{183AEB3A-A086-1D8D-C95E-6378F77647C3}"
EndProject
Project("{FAE04EC0-301F-11D3-BF4B-00C04F79EFBC}") = "Api", "Auth\Api\Api.csproj", "{69E15221-2A50-4A54-8A20-1185A4E5D094}"
EndProject
Project("{FAE04EC0-301F-11D3-BF4B-00C04F79EFBC}") = "Application", "Auth\Application\Application.csproj", "{495C3476-88A0-4809-89EB-E75C1D5DBC3C}"
EndProject
Project("{FAE04EC0-301F-11D3-BF4B-00C04F79EFBC}") = "Domain", "Auth\Domain\Domain.csproj", "{7703FE3F-7F87-40D9-84D4-F8559D0941DC}"
EndProject
Project("{FAE04EC0-301F-11D3-BF4B-00C04F79EFBC}") = "Infrastructure", "Auth\Infrastructure\Infrastructure.csproj", "{5F4FF2BE-767D-494D-B241-003897AAB157}"
EndProject
Project("{2150E333-8FDC-42A3-9474-1A3956D46DE8}") = "Request", "Request", "{20BEAD86-B16B-4716-5059-3DDE3BDEC1D0}"
EndProject
Project("{FAE04EC0-301F-11D3-BF4B-00C04F79EFBC}") = "Application", "Request\Application\Application.csproj", "{34B0A314-1D1C-47A4-9D94-8ECFC13CF73D}"
EndProject
Project("{FAE04EC0-301F-11D3-BF4B-00C04F79EFBC}") = "Domain", "Request\Domain\Domain.csproj", "{B2FE0D6F-FD74-4C23-B3D5-C6437F2635B8}"
EndProject
Project("{FAE04EC0-301F-11D3-BF4B-00C04F79EFBC}") = "Infrastructure", "Request\Infrastructure\Infrastructure.csproj", "{E22E291C-34D7-4324-A42F-3007B238E362}"
EndProject
Project("{2150E333-8FDC-42A3-9474-1A3956D46DE8}") = "Api", "Api", "{04D05EF5-24D4-121F-B1FF-E53F5C63201C}"
EndProject
Project("{FAE04EC0-301F-11D3-BF4B-00C04F79EFBC}") = "RequestApi", "Request\Api\RequestApi.csproj", "{A486487F-7DEB-4443-BFC1-94C063A6A1AA}"
EndProject
Project("{FAE04EC0-301F-11D3-BF4B-00C04F79EFBC}") = "Shared", "Shared\Shared.csproj", "{B6C8A1B3-E34C-4396-B50A-FA6D87CE9E6E}"
EndProject
Project("{FAE04EC0-301F-11D3-BF4B-00C04F79EFBC}") = "Common", "Request\Common\Common.csproj", "{FA8E175A-5024-4304-8C7B-6DB0BA2DD60D}"
EndProject
Project("{2150E333-8FDC-42A3-9474-1A3956D46DE8}") = "Employee", "Employee", "{07D97907-A4FB-2718-30A9-6954E84DBCDB}"
EndProject
Project("{2150E333-8FDC-42A3-9474-1A3956D46DE8}") = "Api", "Api", "{FC85AD43-4698-91F5-22F5-4E36A209668D}"
EndProject
Project("{FAE04EC0-301F-11D3-BF4B-00C04F79EFBC}") = "EmployeeApi", "Employee\Api\EmployeeApi.csproj", "{BA3FF64F-7646-4D23-B970-04D300ACFE0B}"
EndProject
Project("{FAE04EC0-301F-11D3-BF4B-00C04F79EFBC}") = "Application", "Employee\Application\Application.csproj", "{79009574-B8C1-47AF-8C93-A6323A9A34ED}"
EndProject
Project("{FAE04EC0-301F-11D3-BF4B-00C04F79EFBC}") = "Domain", "Employee\Domain\Domain.csproj", "{5E260548-1425-4F94-8F4E-6C80355742CF}"
EndProject
Project("{FAE04EC0-301F-11D3-BF4B-00C04F79EFBC}") = "Infrastructure", "Employee\Infrastructure\Infrastructure.csproj", "{9246A0DD-31BF-46FC-8071-BE339EC181EC}"
EndProject
Project("{FAE04EC0-301F-11D3-BF4B-00C04F79EFBC}") = "Common", "Employee\Common\Common.csproj", "{523F0DF6-65B8-4057-978F-7C43A7FBBE49}"
EndProject
Global
	GlobalSection(SolutionConfigurationPlatforms) = preSolution
		Debug|Any CPU = Debug|Any CPU
		Debug|x64 = Debug|x64
		Debug|x86 = Debug|x86
		Release|Any CPU = Release|Any CPU
		Release|x64 = Release|x64
		Release|x86 = Release|x86
	EndGlobalSection
	GlobalSection(ProjectConfigurationPlatforms) = postSolution
		{69E15221-2A50-4A54-8A20-1185A4E5D094}.Debug|Any CPU.ActiveCfg = Debug|Any CPU
		{69E15221-2A50-4A54-8A20-1185A4E5D094}.Debug|Any CPU.Build.0 = Debug|Any CPU
		{69E15221-2A50-4A54-8A20-1185A4E5D094}.Debug|x64.ActiveCfg = Debug|Any CPU
		{69E15221-2A50-4A54-8A20-1185A4E5D094}.Debug|x64.Build.0 = Debug|Any CPU
		{69E15221-2A50-4A54-8A20-1185A4E5D094}.Debug|x86.ActiveCfg = Debug|Any CPU
		{69E15221-2A50-4A54-8A20-1185A4E5D094}.Debug|x86.Build.0 = Debug|Any CPU
		{69E15221-2A50-4A54-8A20-1185A4E5D094}.Release|Any CPU.ActiveCfg = Release|Any CPU
		{69E15221-2A50-4A54-8A20-1185A4E5D094}.Release|Any CPU.Build.0 = Release|Any CPU
		{69E15221-2A50-4A54-8A20-1185A4E5D094}.Release|x64.ActiveCfg = Release|Any CPU
		{69E15221-2A50-4A54-8A20-1185A4E5D094}.Release|x64.Build.0 = Release|Any CPU
		{69E15221-2A50-4A54-8A20-1185A4E5D094}.Release|x86.ActiveCfg = Release|Any CPU
		{69E15221-2A50-4A54-8A20-1185A4E5D094}.Release|x86.Build.0 = Release|Any CPU
		{495C3476-88A0-4809-89EB-E75C1D5DBC3C}.Debug|Any CPU.ActiveCfg = Debug|Any CPU
		{495C3476-88A0-4809-89EB-E75C1D5DBC3C}.Debug|Any CPU.Build.0 = Debug|Any CPU
		{495C3476-88A0-4809-89EB-E75C1D5DBC3C}.Debug|x64.ActiveCfg = Debug|Any CPU
		{495C3476-88A0-4809-89EB-E75C1D5DBC3C}.Debug|x64.Build.0 = Debug|Any CPU
		{495C3476-88A0-4809-89EB-E75C1D5DBC3C}.Debug|x86.ActiveCfg = Debug|Any CPU
		{495C3476-88A0-4809-89EB-E75C1D5DBC3C}.Debug|x86.Build.0 = Debug|Any CPU
		{495C3476-88A0-4809-89EB-E75C1D5DBC3C}.Release|Any CPU.ActiveCfg = Release|Any CPU
		{495C3476-88A0-4809-89EB-E75C1D5DBC3C}.Release|Any CPU.Build.0 = Release|Any CPU
		{495C3476-88A0-4809-89EB-E75C1D5DBC3C}.Release|x64.ActiveCfg = Release|Any CPU
		{495C3476-88A0-4809-89EB-E75C1D5DBC3C}.Release|x64.Build.0 = Release|Any CPU
		{495C3476-88A0-4809-89EB-E75C1D5DBC3C}.Release|x86.ActiveCfg = Release|Any CPU
		{495C3476-88A0-4809-89EB-E75C1D5DBC3C}.Release|x86.Build.0 = Release|Any CPU
		{7703FE3F-7F87-40D9-84D4-F8559D0941DC}.Debug|Any CPU.ActiveCfg = Debug|Any CPU
		{7703FE3F-7F87-40D9-84D4-F8559D0941DC}.Debug|Any CPU.Build.0 = Debug|Any CPU
		{7703FE3F-7F87-40D9-84D4-F8559D0941DC}.Debug|x64.ActiveCfg = Debug|Any CPU
		{7703FE3F-7F87-40D9-84D4-F8559D0941DC}.Debug|x64.Build.0 = Debug|Any CPU
		{7703FE3F-7F87-40D9-84D4-F8559D0941DC}.Debug|x86.ActiveCfg = Debug|Any CPU
		{7703FE3F-7F87-40D9-84D4-F8559D0941DC}.Debug|x86.Build.0 = Debug|Any CPU
		{7703FE3F-7F87-40D9-84D4-F8559D0941DC}.Release|Any CPU.ActiveCfg = Release|Any CPU
		{7703FE3F-7F87-40D9-84D4-F8559D0941DC}.Release|Any CPU.Build.0 = Release|Any CPU
		{7703FE3F-7F87-40D9-84D4-F8559D0941DC}.Release|x64.ActiveCfg = Release|Any CPU
		{7703FE3F-7F87-40D9-84D4-F8559D0941DC}.Release|x64.Build.0 = Release|Any CPU
		{7703FE3F-7F87-40D9-84D4-F8559D0941DC}.Release|x86.ActiveCfg = Release|Any CPU
		{7703FE3F-7F87-40D9-84D4-F8559D0941DC}.Release|x86.Build.0 = Release|Any CPU
		{5F4FF2BE-767D-494D-B241-003897AAB157}.Debug|Any CPU.ActiveCfg = Debug|Any CPU
		{5F4FF2BE-767D-494D-B241-003897AAB157}.Debug|Any CPU.Build.0 = Debug|Any CPU
		{5F4FF2BE-767D-494D-B241-003897AAB157}.Debug|x64.ActiveCfg = Debug|Any CPU
		{5F4FF2BE-767D-494D-B241-003897AAB157}.Debug|x64.Build.0 = Debug|Any CPU
		{5F4FF2BE-767D-494D-B241-003897AAB157}.Debug|x86.ActiveCfg = Debug|Any CPU
		{5F4FF2BE-767D-494D-B241-003897AAB157}.Debug|x86.Build.0 = Debug|Any CPU
		{5F4FF2BE-767D-494D-B241-003897AAB157}.Release|Any CPU.ActiveCfg = Release|Any CPU
		{5F4FF2BE-767D-494D-B241-003897AAB157}.Release|Any CPU.Build.0 = Release|Any CPU
		{5F4FF2BE-767D-494D-B241-003897AAB157}.Release|x64.ActiveCfg = Release|Any CPU
		{5F4FF2BE-767D-494D-B241-003897AAB157}.Release|x64.Build.0 = Release|Any CPU
		{5F4FF2BE-767D-494D-B241-003897AAB157}.Release|x86.ActiveCfg = Release|Any CPU
		{5F4FF2BE-767D-494D-B241-003897AAB157}.Release|x86.Build.0 = Release|Any CPU
		{34B0A314-1D1C-47A4-9D94-8ECFC13CF73D}.Debug|Any CPU.ActiveCfg = Debug|Any CPU
		{34B0A314-1D1C-47A4-9D94-8ECFC13CF73D}.Debug|Any CPU.Build.0 = Debug|Any CPU
		{34B0A314-1D1C-47A4-9D94-8ECFC13CF73D}.Debug|x64.ActiveCfg = Debug|Any CPU
		{34B0A314-1D1C-47A4-9D94-8ECFC13CF73D}.Debug|x64.Build.0 = Debug|Any CPU
		{34B0A314-1D1C-47A4-9D94-8ECFC13CF73D}.Debug|x86.ActiveCfg = Debug|Any CPU
		{34B0A314-1D1C-47A4-9D94-8ECFC13CF73D}.Debug|x86.Build.0 = Debug|Any CPU
		{34B0A314-1D1C-47A4-9D94-8ECFC13CF73D}.Release|Any CPU.ActiveCfg = Release|Any CPU
		{34B0A314-1D1C-47A4-9D94-8ECFC13CF73D}.Release|Any CPU.Build.0 = Release|Any CPU
		{34B0A314-1D1C-47A4-9D94-8ECFC13CF73D}.Release|x64.ActiveCfg = Release|Any CPU
		{34B0A314-1D1C-47A4-9D94-8ECFC13CF73D}.Release|x64.Build.0 = Release|Any CPU
		{34B0A314-1D1C-47A4-9D94-8ECFC13CF73D}.Release|x86.ActiveCfg = Release|Any CPU
		{34B0A314-1D1C-47A4-9D94-8ECFC13CF73D}.Release|x86.Build.0 = Release|Any CPU
		{B2FE0D6F-FD74-4C23-B3D5-C6437F2635B8}.Debug|Any CPU.ActiveCfg = Debug|Any CPU
		{B2FE0D6F-FD74-4C23-B3D5-C6437F2635B8}.Debug|Any CPU.Build.0 = Debug|Any CPU
		{B2FE0D6F-FD74-4C23-B3D5-C6437F2635B8}.Debug|x64.ActiveCfg = Debug|Any CPU
		{B2FE0D6F-FD74-4C23-B3D5-C6437F2635B8}.Debug|x64.Build.0 = Debug|Any CPU
		{B2FE0D6F-FD74-4C23-B3D5-C6437F2635B8}.Debug|x86.ActiveCfg = Debug|Any CPU
		{B2FE0D6F-FD74-4C23-B3D5-C6437F2635B8}.Debug|x86.Build.0 = Debug|Any CPU
		{B2FE0D6F-FD74-4C23-B3D5-C6437F2635B8}.Release|Any CPU.ActiveCfg = Release|Any CPU
		{B2FE0D6F-FD74-4C23-B3D5-C6437F2635B8}.Release|Any CPU.Build.0 = Release|Any CPU
		{B2FE0D6F-FD74-4C23-B3D5-C6437F2635B8}.Release|x64.ActiveCfg = Release|Any CPU
		{B2FE0D6F-FD74-4C23-B3D5-C6437F2635B8}.Release|x64.Build.0 = Release|Any CPU
		{B2FE0D6F-FD74-4C23-B3D5-C6437F2635B8}.Release|x86.ActiveCfg = Release|Any CPU
		{B2FE0D6F-FD74-4C23-B3D5-C6437F2635B8}.Release|x86.Build.0 = Release|Any CPU
		{E22E291C-34D7-4324-A42F-3007B238E362}.Debug|Any CPU.ActiveCfg = Debug|Any CPU
		{E22E291C-34D7-4324-A42F-3007B238E362}.Debug|Any CPU.Build.0 = Debug|Any CPU
		{E22E291C-34D7-4324-A42F-3007B238E362}.Debug|x64.ActiveCfg = Debug|Any CPU
		{E22E291C-34D7-4324-A42F-3007B238E362}.Debug|x64.Build.0 = Debug|Any CPU
		{E22E291C-34D7-4324-A42F-3007B238E362}.Debug|x86.ActiveCfg = Debug|Any CPU
		{E22E291C-34D7-4324-A42F-3007B238E362}.Debug|x86.Build.0 = Debug|Any CPU
		{E22E291C-34D7-4324-A42F-3007B238E362}.Release|Any CPU.ActiveCfg = Release|Any CPU
		{E22E291C-34D7-4324-A42F-3007B238E362}.Release|Any CPU.Build.0 = Release|Any CPU
		{E22E291C-34D7-4324-A42F-3007B238E362}.Release|x64.ActiveCfg = Release|Any CPU
		{E22E291C-34D7-4324-A42F-3007B238E362}.Release|x64.Build.0 = Release|Any CPU
		{E22E291C-34D7-4324-A42F-3007B238E362}.Release|x86.ActiveCfg = Release|Any CPU
		{E22E291C-34D7-4324-A42F-3007B238E362}.Release|x86.Build.0 = Release|Any CPU
		{A486487F-7DEB-4443-BFC1-94C063A6A1AA}.Debug|Any CPU.ActiveCfg = Debug|Any CPU
		{A486487F-7DEB-4443-BFC1-94C063A6A1AA}.Debug|Any CPU.Build.0 = Debug|Any CPU
		{A486487F-7DEB-4443-BFC1-94C063A6A1AA}.Debug|x64.ActiveCfg = Debug|Any CPU
		{A486487F-7DEB-4443-BFC1-94C063A6A1AA}.Debug|x64.Build.0 = Debug|Any CPU
		{A486487F-7DEB-4443-BFC1-94C063A6A1AA}.Debug|x86.ActiveCfg = Debug|Any CPU
		{A486487F-7DEB-4443-BFC1-94C063A6A1AA}.Debug|x86.Build.0 = Debug|Any CPU
		{A486487F-7DEB-4443-BFC1-94C063A6A1AA}.Release|Any CPU.ActiveCfg = Release|Any CPU
		{A486487F-7DEB-4443-BFC1-94C063A6A1AA}.Release|Any CPU.Build.0 = Release|Any CPU
		{A486487F-7DEB-4443-BFC1-94C063A6A1AA}.Release|x64.ActiveCfg = Release|Any CPU
		{A486487F-7DEB-4443-BFC1-94C063A6A1AA}.Release|x64.Build.0 = Release|Any CPU
		{A486487F-7DEB-4443-BFC1-94C063A6A1AA}.Release|x86.ActiveCfg = Release|Any CPU
		{A486487F-7DEB-4443-BFC1-94C063A6A1AA}.Release|x86.Build.0 = Release|Any CPU
		{B6C8A1B3-E34C-4396-B50A-FA6D87CE9E6E}.Debug|Any CPU.ActiveCfg = Debug|Any CPU
		{B6C8A1B3-E34C-4396-B50A-FA6D87CE9E6E}.Debug|Any CPU.Build.0 = Debug|Any CPU
		{B6C8A1B3-E34C-4396-B50A-FA6D87CE9E6E}.Debug|x64.ActiveCfg = Debug|Any CPU
		{B6C8A1B3-E34C-4396-B50A-FA6D87CE9E6E}.Debug|x64.Build.0 = Debug|Any CPU
		{B6C8A1B3-E34C-4396-B50A-FA6D87CE9E6E}.Debug|x86.ActiveCfg = Debug|Any CPU
		{B6C8A1B3-E34C-4396-B50A-FA6D87CE9E6E}.Debug|x86.Build.0 = Debug|Any CPU
		{B6C8A1B3-E34C-4396-B50A-FA6D87CE9E6E}.Release|Any CPU.ActiveCfg = Release|Any CPU
		{B6C8A1B3-E34C-4396-B50A-FA6D87CE9E6E}.Release|Any CPU.Build.0 = Release|Any CPU
		{B6C8A1B3-E34C-4396-B50A-FA6D87CE9E6E}.Release|x64.ActiveCfg = Release|Any CPU
		{B6C8A1B3-E34C-4396-B50A-FA6D87CE9E6E}.Release|x64.Build.0 = Release|Any CPU
		{B6C8A1B3-E34C-4396-B50A-FA6D87CE9E6E}.Release|x86.ActiveCfg = Release|Any CPU
		{B6C8A1B3-E34C-4396-B50A-FA6D87CE9E6E}.Release|x86.Build.0 = Release|Any CPU
		{FA8E175A-5024-4304-8C7B-6DB0BA2DD60D}.Debug|Any CPU.ActiveCfg = Debug|Any CPU
		{FA8E175A-5024-4304-8C7B-6DB0BA2DD60D}.Debug|Any CPU.Build.0 = Debug|Any CPU
		{FA8E175A-5024-4304-8C7B-6DB0BA2DD60D}.Debug|x64.ActiveCfg = Debug|Any CPU
		{FA8E175A-5024-4304-8C7B-6DB0BA2DD60D}.Debug|x64.Build.0 = Debug|Any CPU
		{FA8E175A-5024-4304-8C7B-6DB0BA2DD60D}.Debug|x86.ActiveCfg = Debug|Any CPU
		{FA8E175A-5024-4304-8C7B-6DB0BA2DD60D}.Debug|x86.Build.0 = Debug|Any CPU
		{FA8E175A-5024-4304-8C7B-6DB0BA2DD60D}.Release|Any CPU.ActiveCfg = Release|Any CPU
		{FA8E175A-5024-4304-8C7B-6DB0BA2DD60D}.Release|Any CPU.Build.0 = Release|Any CPU
		{FA8E175A-5024-4304-8C7B-6DB0BA2DD60D}.Release|x64.ActiveCfg = Release|Any CPU
		{FA8E175A-5024-4304-8C7B-6DB0BA2DD60D}.Release|x64.Build.0 = Release|Any CPU
		{FA8E175A-5024-4304-8C7B-6DB0BA2DD60D}.Release|x86.ActiveCfg = Release|Any CPU
		{FA8E175A-5024-4304-8C7B-6DB0BA2DD60D}.Release|x86.Build.0 = Release|Any CPU
		{BA3FF64F-7646-4D23-B970-04D300ACFE0B}.Debug|Any CPU.ActiveCfg = Debug|Any CPU
		{BA3FF64F-7646-4D23-B970-04D300ACFE0B}.Debug|Any CPU.Build.0 = Debug|Any CPU
		{BA3FF64F-7646-4D23-B970-04D300ACFE0B}.Debug|x64.ActiveCfg = Debug|Any CPU
		{BA3FF64F-7646-4D23-B970-04D300ACFE0B}.Debug|x64.Build.0 = Debug|Any CPU
		{BA3FF64F-7646-4D23-B970-04D300ACFE0B}.Debug|x86.ActiveCfg = Debug|Any CPU
		{BA3FF64F-7646-4D23-B970-04D300ACFE0B}.Debug|x86.Build.0 = Debug|Any CPU
		{BA3FF64F-7646-4D23-B970-04D300ACFE0B}.Release|Any CPU.ActiveCfg = Release|Any CPU
		{BA3FF64F-7646-4D23-B970-04D300ACFE0B}.Release|Any CPU.Build.0 = Release|Any CPU
		{BA3FF64F-7646-4D23-B970-04D300ACFE0B}.Release|x64.ActiveCfg = Release|Any CPU
		{BA3FF64F-7646-4D23-B970-04D300ACFE0B}.Release|x64.Build.0 = Release|Any CPU
		{BA3FF64F-7646-4D23-B970-04D300ACFE0B}.Release|x86.ActiveCfg = Release|Any CPU
		{BA3FF64F-7646-4D23-B970-04D300ACFE0B}.Release|x86.Build.0 = Release|Any CPU
		{79009574-B8C1-47AF-8C93-A6323A9A34ED}.Debug|Any CPU.ActiveCfg = Debug|Any CPU
		{79009574-B8C1-47AF-8C93-A6323A9A34ED}.Debug|Any CPU.Build.0 = Debug|Any CPU
		{79009574-B8C1-47AF-8C93-A6323A9A34ED}.Debug|x64.ActiveCfg = Debug|Any CPU
		{79009574-B8C1-47AF-8C93-A6323A9A34ED}.Debug|x64.Build.0 = Debug|Any CPU
		{79009574-B8C1-47AF-8C93-A6323A9A34ED}.Debug|x86.ActiveCfg = Debug|Any CPU
		{79009574-B8C1-47AF-8C93-A6323A9A34ED}.Debug|x86.Build.0 = Debug|Any CPU
		{79009574-B8C1-47AF-8C93-A6323A9A34ED}.Release|Any CPU.ActiveCfg = Release|Any CPU
		{79009574-B8C1-47AF-8C93-A6323A9A34ED}.Release|Any CPU.Build.0 = Release|Any CPU
		{79009574-B8C1-47AF-8C93-A6323A9A34ED}.Release|x64.ActiveCfg = Release|Any CPU
		{79009574-B8C1-47AF-8C93-A6323A9A34ED}.Release|x64.Build.0 = Release|Any CPU
		{79009574-B8C1-47AF-8C93-A6323A9A34ED}.Release|x86.ActiveCfg = Release|Any CPU
		{79009574-B8C1-47AF-8C93-A6323A9A34ED}.Release|x86.Build.0 = Release|Any CPU
		{5E260548-1425-4F94-8F4E-6C80355742CF}.Debug|Any CPU.ActiveCfg = Debug|Any CPU
		{5E260548-1425-4F94-8F4E-6C80355742CF}.Debug|Any CPU.Build.0 = Debug|Any CPU
		{5E260548-1425-4F94-8F4E-6C80355742CF}.Debug|x64.ActiveCfg = Debug|Any CPU
		{5E260548-1425-4F94-8F4E-6C80355742CF}.Debug|x64.Build.0 = Debug|Any CPU
		{5E260548-1425-4F94-8F4E-6C80355742CF}.Debug|x86.ActiveCfg = Debug|Any CPU
		{5E260548-1425-4F94-8F4E-6C80355742CF}.Debug|x86.Build.0 = Debug|Any CPU
		{5E260548-1425-4F94-8F4E-6C80355742CF}.Release|Any CPU.ActiveCfg = Release|Any CPU
		{5E260548-1425-4F94-8F4E-6C80355742CF}.Release|Any CPU.Build.0 = Release|Any CPU
		{5E260548-1425-4F94-8F4E-6C80355742CF}.Release|x64.ActiveCfg = Release|Any CPU
		{5E260548-1425-4F94-8F4E-6C80355742CF}.Release|x64.Build.0 = Release|Any CPU
		{5E260548-1425-4F94-8F4E-6C80355742CF}.Release|x86.ActiveCfg = Release|Any CPU
		{5E260548-1425-4F94-8F4E-6C80355742CF}.Release|x86.Build.0 = Release|Any CPU
		{9246A0DD-31BF-46FC-8071-BE339EC181EC}.Debug|Any CPU.ActiveCfg = Debug|Any CPU
		{9246A0DD-31BF-46FC-8071-BE339EC181EC}.Debug|Any CPU.Build.0 = Debug|Any CPU
		{9246A0DD-31BF-46FC-8071-BE339EC181EC}.Debug|x64.ActiveCfg = Debug|Any CPU
		{9246A0DD-31BF-46FC-8071-BE339EC181EC}.Debug|x64.Build.0 = Debug|Any CPU
		{9246A0DD-31BF-46FC-8071-BE339EC181EC}.Debug|x86.ActiveCfg = Debug|Any CPU
		{9246A0DD-31BF-46FC-8071-BE339EC181EC}.Debug|x86.Build.0 = Debug|Any CPU
		{9246A0DD-31BF-46FC-8071-BE339EC181EC}.Release|Any CPU.ActiveCfg = Release|Any CPU
		{9246A0DD-31BF-46FC-8071-BE339EC181EC}.Release|Any CPU.Build.0 = Release|Any CPU
		{9246A0DD-31BF-46FC-8071-BE339EC181EC}.Release|x64.ActiveCfg = Release|Any CPU
		{9246A0DD-31BF-46FC-8071-BE339EC181EC}.Release|x64.Build.0 = Release|Any CPU
		{9246A0DD-31BF-46FC-8071-BE339EC181EC}.Release|x86.ActiveCfg = Release|Any CPU
		{9246A0DD-31BF-46FC-8071-BE339EC181EC}.Release|x86.Build.0 = Release|Any CPU
		{523F0DF6-65B8-4057-978F-7C43A7FBBE49}.Debug|Any CPU.ActiveCfg = Debug|Any CPU
		{523F0DF6-65B8-4057-978F-7C43A7FBBE49}.Debug|Any CPU.Build.0 = Debug|Any CPU
		{523F0DF6-65B8-4057-978F-7C43A7FBBE49}.Debug|x64.ActiveCfg = Debug|Any CPU
		{523F0DF6-65B8-4057-978F-7C43A7FBBE49}.Debug|x64.Build.0 = Debug|Any CPU
		{523F0DF6-65B8-4057-978F-7C43A7FBBE49}.Debug|x86.ActiveCfg = Debug|Any CPU
		{523F0DF6-65B8-4057-978F-7C43A7FBBE49}.Debug|x86.Build.0 = Debug|Any CPU
		{523F0DF6-65B8-4057-978F-7C43A7FBBE49}.Release|Any CPU.ActiveCfg = Release|Any CPU
		{523F0DF6-65B8-4057-978F-7C43A7FBBE49}.Release|Any CPU.Build.0 = Release|Any CPU
		{523F0DF6-65B8-4057-978F-7C43A7FBBE49}.Release|x64.ActiveCfg = Release|Any CPU
		{523F0DF6-65B8-4057-978F-7C43A7FBBE49}.Release|x64.Build.0 = Release|Any CPU
		{523F0DF6-65B8-4057-978F-7C43A7FBBE49}.Release|x86.ActiveCfg = Release|Any CPU
		{523F0DF6-65B8-4057-978F-7C43A7FBBE49}.Release|x86.Build.0 = Release|Any CPU
	EndGlobalSection
	GlobalSection(SolutionProperties) = preSolution
		HideSolutionNode = FALSE
	EndGlobalSection
	GlobalSection(NestedProjects) = preSolution
		{69E15221-2A50-4A54-8A20-1185A4E5D094} = {183AEB3A-A086-1D8D-C95E-6378F77647C3}
		{495C3476-88A0-4809-89EB-E75C1D5DBC3C} = {183AEB3A-A086-1D8D-C95E-6378F77647C3}
		{7703FE3F-7F87-40D9-84D4-F8559D0941DC} = {183AEB3A-A086-1D8D-C95E-6378F77647C3}
		{5F4FF2BE-767D-494D-B241-003897AAB157} = {183AEB3A-A086-1D8D-C95E-6378F77647C3}
		{34B0A314-1D1C-47A4-9D94-8ECFC13CF73D} = {20BEAD86-B16B-4716-5059-3DDE3BDEC1D0}
		{B2FE0D6F-FD74-4C23-B3D5-C6437F2635B8} = {20BEAD86-B16B-4716-5059-3DDE3BDEC1D0}
		{E22E291C-34D7-4324-A42F-3007B238E362} = {20BEAD86-B16B-4716-5059-3DDE3BDEC1D0}
		{04D05EF5-24D4-121F-B1FF-E53F5C63201C} = {20BEAD86-B16B-4716-5059-3DDE3BDEC1D0}
		{A486487F-7DEB-4443-BFC1-94C063A6A1AA} = {04D05EF5-24D4-121F-B1FF-E53F5C63201C}
		{FA8E175A-5024-4304-8C7B-6DB0BA2DD60D} = {20BEAD86-B16B-4716-5059-3DDE3BDEC1D0}
		{FC85AD43-4698-91F5-22F5-4E36A209668D} = {07D97907-A4FB-2718-30A9-6954E84DBCDB}
		{BA3FF64F-7646-4D23-B970-04D300ACFE0B} = {FC85AD43-4698-91F5-22F5-4E36A209668D}
		{79009574-B8C1-47AF-8C93-A6323A9A34ED} = {07D97907-A4FB-2718-30A9-6954E84DBCDB}
		{5E260548-1425-4F94-8F4E-6C80355742CF} = {07D97907-A4FB-2718-30A9-6954E84DBCDB}
		{9246A0DD-31BF-46FC-8071-BE339EC181EC} = {07D97907-A4FB-2718-30A9-6954E84DBCDB}
		{523F0DF6-65B8-4057-978F-7C43A7FBBE49} = {07D97907-A4FB-2718-30A9-6954E84DBCDB}
	EndGlobalSection
EndGlobal
